lockfileVersion: '9.0'

settings:
  autoInstallPeers: true
  excludeLinksFromLockfile: false

importers:

  .:
    dependencies:
      '@rebble/clay':
        specifier: ^1.0.6
        version: 1.0.6

packages:

  '@rebble/clay@1.0.6':
    resolution: {integrity: sha512-gFmTUAHsDa+lV6QTU0StNuFk7MClF2GrkpCsXAXQtjk0wKo5lchCfwnhWzwBEWCyCkYAN4GRkaZG4TR4O4/tVg==}

snapshots:

  '@rebble/clay@1.0.6': {}
