lockfileVersion: '9.0'

settings:
  autoInstallPeers: true
  excludeLinksFromLockfile: false

importers:

  .:
    dependencies:
      '@rebble/clay':
        specifier: ^1.0.8
        version: 1.0.8

packages:

  '@rebble/clay@1.0.8':
    resolution: {integrity: sha512-nLZes039sniW1Qx24AXirk1EH+JXNKSX5fAiJYObPL1znt83IGLIulZvDWXvM+HCmaSnjPheYdxvspr3CZicYQ==}

snapshots:

  '@rebble/clay@1.0.8': {}
